// !$*UTF8*$!
{
	archiveVersion = 1;
	classes = {
	};
	objectVersion = 55;
	objects = {

/* Begin PBXBuildFile section */
		0A3D647F27FEB31D004C4F46 /* Assets.xcassets in Resources */ = {isa = PBXBuildFile; fileRef = 0A3D647E27FEB31D004C4F46 /* Assets.xcassets */; };
		0A3D648227FEB31D004C4F46 /* Preview Assets.xcassets in Resources */ = {isa = PBXBuildFile; fileRef = 0A3D648127FEB31D004C4F46 /* Preview Assets.xcassets */; };
		3074FF73280300CF00300DDE /* PlantingSeedView.swift in Sources */ = {isa = PBXBuildFile; fileRef = 3074FF72280300CF00300DDE /* PlantingSeedView.swift */; };
		3074FF752804069D00300DDE /* NextView.swift in Sources */ = {isa = PBXBuildFile; fileRef = 3074FF742804069D00300DDE /* NextView.swift */; };
		3450A6C0280595EA0018EE38 /* DiaryView.swift in Sources */ = {isa = PBXBuildFile; fileRef = 3450A6B6280595EA0018EE38 /* DiaryView.swift */; };
		3450A6C1280595EA0018EE38 /* TestView.swift in Sources */ = {isa = PBXBuildFile; fileRef = 3450A6B7280595EA0018EE38 /* TestView.swift */; };
		3450A6C2280595EA0018EE38 /* QuestionTitleView.swift in Sources */ = {isa = PBXBuildFile; fileRef = 3450A6B8280595EA0018EE38 /* QuestionTitleView.swift */; };
		3450A6C3280595EA0018EE38 /* ContentView.swift in Sources */ = {isa = PBXBuildFile; fileRef = 3450A6B9280595EA0018EE38 /* ContentView.swift */; };
		3450A6C4280595EA0018EE38 /* DiaryDetailView.swift in Sources */ = {isa = PBXBuildFile; fileRef = 3450A6BA280595EA0018EE38 /* DiaryDetailView.swift */; };
		3450A6C5280595EA0018EE38 /* SelectImojiRawValue.swift in Sources */ = {isa = PBXBuildFile; fileRef = 3450A6BB280595EA0018EE38 /* SelectImojiRawValue.swift */; };
		3450A6C6280595EA0018EE38 /* QuestionDetailView.swift in Sources */ = {isa = PBXBuildFile; fileRef = 3450A6BC280595EA0018EE38 /* QuestionDetailView.swift */; };
		3450A6C7280595EA0018EE38 /* CheckSelectsView.swift in Sources */ = {isa = PBXBuildFile; fileRef = 3450A6BD280595EA0018EE38 /* CheckSelectsView.swift */; };
		3450A6C8280595EA0018EE38 /* TagView.swift in Sources */ = {isa = PBXBuildFile; fileRef = 3450A6BE280595EA0018EE38 /* TagView.swift */; };
		3450A6CC280595F80018EE38 /* DetailFirstPageView.swift in Sources */ = {isa = PBXBuildFile; fileRef = 3450A6CA280595F80018EE38 /* DetailFirstPageView.swift */; };
		3450A6CD280595F80018EE38 /* MainPageView.swift in Sources */ = {isa = PBXBuildFile; fileRef = 3450A6CB280595F80018EE38 /* MainPageView.swift */; };
		3450A6D2280596010018EE38 /* ForthMainCard.swift in Sources */ = {isa = PBXBuildFile; fileRef = 3450A6CE280596010018EE38 /* ForthMainCard.swift */; };
		3450A6D3280596010018EE38 /* FirstMainCard.swift in Sources */ = {isa = PBXBuildFile; fileRef = 3450A6CF280596010018EE38 /* FirstMainCard.swift */; };
		3450A6D4280596010018EE38 /* ThridMainCard.swift in Sources */ = {isa = PBXBuildFile; fileRef = 3450A6D0280596010018EE38 /* ThridMainCard.swift */; };
		3450A6D5280596010018EE38 /* SecondMainCard.swift in Sources */ = {isa = PBXBuildFile; fileRef = 3450A6D1280596010018EE38 /* SecondMainCard.swift */; };
		3450A6DB280596080018EE38 /* ChooseFirstDetailInformation.swift in Sources */ = {isa = PBXBuildFile; fileRef = 3450A6D6280596080018EE38 /* ChooseFirstDetailInformation.swift */; };
		3450A6DD280596080018EE38 /* ChooseSecondDetailInformation.swift in Sources */ = {isa = PBXBuildFile; fileRef = 3450A6D8280596080018EE38 /* ChooseSecondDetailInformation.swift */; };
		3450A6DE280596080018EE38 /* ChooseFourthDetailInformation.swift in Sources */ = {isa = PBXBuildFile; fileRef = 3450A6D9280596080018EE38 /* ChooseFourthDetailInformation.swift */; };
		3450A6DF280596080018EE38 /* ChooseThirdDetailInformation.swift in Sources */ = {isa = PBXBuildFile; fileRef = 3450A6DA280596080018EE38 /* ChooseThirdDetailInformation.swift */; };
		3450A6E1280596130018EE38 /* Question.swift in Sources */ = {isa = PBXBuildFile; fileRef = 3450A6E0280596130018EE38 /* Question.swift */; };
		3450A6E6280596180018EE38 /* CustomNavBar.swift in Sources */ = {isa = PBXBuildFile; fileRef = 3450A6E2280596180018EE38 /* CustomNavBar.swift */; };
		3450A6E7280596180018EE38 /* ScrollingHStackModifier.swift in Sources */ = {isa = PBXBuildFile; fileRef = 3450A6E3280596180018EE38 /* ScrollingHStackModifier.swift */; };
		3450A6E8280596180018EE38 /* ViewExtension.swift in Sources */ = {isa = PBXBuildFile; fileRef = 3450A6E4280596180018EE38 /* ViewExtension.swift */; };
		3450A6E9280596180018EE38 /* UIApplication.swift in Sources */ = {isa = PBXBuildFile; fileRef = 3450A6E5280596180018EE38 /* UIApplication.swift */; };
		3450A6F02805961E0018EE38 /* SelectQuestionView.swift in Sources */ = {isa = PBXBuildFile; fileRef = 3450A6EA2805961E0018EE38 /* SelectQuestionView.swift */; };
		3450A6F12805961E0018EE38 /* EvolutionResultView.swift in Sources */ = {isa = PBXBuildFile; fileRef = 3450A6EB2805961E0018EE38 /* EvolutionResultView.swift */; };
		3450A6F42805961E0018EE38 /* CardEvolutionView.swift in Sources */ = {isa = PBXBuildFile; fileRef = 3450A6EE2805961E0018EE38 /* CardEvolutionView.swift */; };
		3450A6F52805961E0018EE38 /* FrontCardCompleteView.swift in Sources */ = {isa = PBXBuildFile; fileRef = 3450A6EF2805961E0018EE38 /* FrontCardCompleteView.swift */; };
		3450A6F72805965D0018EE38 /* ios_MC1_DDD_projectApp.swift in Sources */ = {isa = PBXBuildFile; fileRef = 3450A6F62805965D0018EE38 /* ios_MC1_DDD_projectApp.swift */; };
		3450A6F92805AAA50018EE38 /* SeedCardModel.swift in Sources */ = {isa = PBXBuildFile; fileRef = 3450A6F82805AAA40018EE38 /* SeedCardModel.swift */; };
		3450A6FC2805C6230018EE38 /* SeedCardView.swift in Sources */ = {isa = PBXBuildFile; fileRef = 3450A6FB2805C6230018EE38 /* SeedCardView.swift */; };
		3450A6FE2805E18D0018EE38 /* BackCardMakingView.swift in Sources */ = {isa = PBXBuildFile; fileRef = 3450A6FD2805E18D0018EE38 /* BackCardMakingView.swift */; };
		3450A7002807266B0018EE38 /* BackCardCompleteView.swift in Sources */ = {isa = PBXBuildFile; fileRef = 3450A6FF2807266B0018EE38 /* BackCardCompleteView.swift */; };
		3450A7022807271C0018EE38 /* SeedCardBackView.swift in Sources */ = {isa = PBXBuildFile; fileRef = 3450A7012807271C0018EE38 /* SeedCardBackView.swift */; };
		3450A705280750F70018EE38 /* SeedCardManager.swift in Sources */ = {isa = PBXBuildFile; fileRef = 3450A704280750F70018EE38 /* SeedCardManager.swift */; };
		3450A70728075A050018EE38 /* ScrollingHStackModifier_R.swift in Sources */ = {isa = PBXBuildFile; fileRef = 3450A70628075A050018EE38 /* ScrollingHStackModifier_R.swift */; };
		3450A70928076C940018EE38 /* ReminderSelectQuestionCardView.swift in Sources */ = {isa = PBXBuildFile; fileRef = 3450A70828076C940018EE38 /* ReminderSelectQuestionCardView.swift */; };
		3450A70C28076D390018EE38 /* ReminderDiaryView.swift in Sources */ = {isa = PBXBuildFile; fileRef = 3450A70B28076D390018EE38 /* ReminderDiaryView.swift */; };
		3450A70E280774A40018EE38 /* RetrospectMakingView.swift in Sources */ = {isa = PBXBuildFile; fileRef = 3450A70D280774A40018EE38 /* RetrospectMakingView.swift */; };
		3450A710280776280018EE38 /* ReminderTitleView.swift in Sources */ = {isa = PBXBuildFile; fileRef = 3450A70F280776280018EE38 /* ReminderTitleView.swift */; };
		3450A712280776470018EE38 /* ReminderDetailView.swift in Sources */ = {isa = PBXBuildFile; fileRef = 3450A711280776470018EE38 /* ReminderDetailView.swift */; };
		347B649B28046734006BC332 /* (null) in Sources */ = {isa = PBXBuildFile; };
		34D8D37228084180003492AC /* NotiView.swift in Sources */ = {isa = PBXBuildFile; fileRef = 34D8D37128084180003492AC /* NotiView.swift */; };
/* End PBXBuildFile section */

/* Begin PBXFileReference section */
		0A3D647727FEB31C004C4F46 /* ios-MC1-DDD-project.app */ = {isa = PBXFileReference; explicitFileType = wrapper.application; includeInIndex = 0; path = "ios-MC1-DDD-project.app"; sourceTree = BUILT_PRODUCTS_DIR; };
		0A3D647E27FEB31D004C4F46 /* Assets.xcassets */ = {isa = PBXFileReference; lastKnownFileType = folder.assetcatalog; path = Assets.xcassets; sourceTree = "<group>"; };
		0A3D648127FEB31D004C4F46 /* Preview Assets.xcassets */ = {isa = PBXFileReference; lastKnownFileType = folder.assetcatalog; path = "Preview Assets.xcassets"; sourceTree = "<group>"; };
		3074FF72280300CF00300DDE /* PlantingSeedView.swift */ = {isa = PBXFileReference; lastKnownFileType = sourcecode.swift; path = PlantingSeedView.swift; sourceTree = "<group>"; };
		3074FF742804069D00300DDE /* NextView.swift */ = {isa = PBXFileReference; lastKnownFileType = sourcecode.swift; path = NextView.swift; sourceTree = "<group>"; };
		3450A6B6280595EA0018EE38 /* DiaryView.swift */ = {isa = PBXFileReference; fileEncoding = 4; lastKnownFileType = sourcecode.swift; path = DiaryView.swift; sourceTree = "<group>"; };
		3450A6B7280595EA0018EE38 /* TestView.swift */ = {isa = PBXFileReference; fileEncoding = 4; lastKnownFileType = sourcecode.swift; path = TestView.swift; sourceTree = "<group>"; };
		3450A6B8280595EA0018EE38 /* QuestionTitleView.swift */ = {isa = PBXFileReference; fileEncoding = 4; lastKnownFileType = sourcecode.swift; path = QuestionTitleView.swift; sourceTree = "<group>"; };
		3450A6B9280595EA0018EE38 /* ContentView.swift */ = {isa = PBXFileReference; fileEncoding = 4; lastKnownFileType = sourcecode.swift; path = ContentView.swift; sourceTree = "<group>"; };
		3450A6BA280595EA0018EE38 /* DiaryDetailView.swift */ = {isa = PBXFileReference; fileEncoding = 4; lastKnownFileType = sourcecode.swift; path = DiaryDetailView.swift; sourceTree = "<group>"; };
		3450A6BB280595EA0018EE38 /* SelectImojiRawValue.swift */ = {isa = PBXFileReference; fileEncoding = 4; lastKnownFileType = sourcecode.swift; path = SelectImojiRawValue.swift; sourceTree = "<group>"; };
		3450A6BC280595EA0018EE38 /* QuestionDetailView.swift */ = {isa = PBXFileReference; fileEncoding = 4; lastKnownFileType = sourcecode.swift; path = QuestionDetailView.swift; sourceTree = "<group>"; };
		3450A6BD280595EA0018EE38 /* CheckSelectsView.swift */ = {isa = PBXFileReference; fileEncoding = 4; lastKnownFileType = sourcecode.swift; path = CheckSelectsView.swift; sourceTree = "<group>"; };
		3450A6BE280595EA0018EE38 /* TagView.swift */ = {isa = PBXFileReference; fileEncoding = 4; lastKnownFileType = sourcecode.swift; path = TagView.swift; sourceTree = "<group>"; };
		3450A6CA280595F80018EE38 /* DetailFirstPageView.swift */ = {isa = PBXFileReference; fileEncoding = 4; lastKnownFileType = sourcecode.swift; path = DetailFirstPageView.swift; sourceTree = "<group>"; };
		3450A6CB280595F80018EE38 /* MainPageView.swift */ = {isa = PBXFileReference; fileEncoding = 4; lastKnownFileType = sourcecode.swift; path = MainPageView.swift; sourceTree = "<group>"; };
		3450A6CE280596010018EE38 /* ForthMainCard.swift */ = {isa = PBXFileReference; fileEncoding = 4; lastKnownFileType = sourcecode.swift; path = ForthMainCard.swift; sourceTree = "<group>"; };
		3450A6CF280596010018EE38 /* FirstMainCard.swift */ = {isa = PBXFileReference; fileEncoding = 4; lastKnownFileType = sourcecode.swift; path = FirstMainCard.swift; sourceTree = "<group>"; };
		3450A6D0280596010018EE38 /* ThridMainCard.swift */ = {isa = PBXFileReference; fileEncoding = 4; lastKnownFileType = sourcecode.swift; path = ThridMainCard.swift; sourceTree = "<group>"; };
		3450A6D1280596010018EE38 /* SecondMainCard.swift */ = {isa = PBXFileReference; fileEncoding = 4; lastKnownFileType = sourcecode.swift; path = SecondMainCard.swift; sourceTree = "<group>"; };
		3450A6D6280596080018EE38 /* ChooseFirstDetailInformation.swift */ = {isa = PBXFileReference; fileEncoding = 4; lastKnownFileType = sourcecode.swift; path = ChooseFirstDetailInformation.swift; sourceTree = "<group>"; };
		3450A6D8280596080018EE38 /* ChooseSecondDetailInformation.swift */ = {isa = PBXFileReference; fileEncoding = 4; lastKnownFileType = sourcecode.swift; path = ChooseSecondDetailInformation.swift; sourceTree = "<group>"; };
		3450A6D9280596080018EE38 /* ChooseFourthDetailInformation.swift */ = {isa = PBXFileReference; fileEncoding = 4; lastKnownFileType = sourcecode.swift; path = ChooseFourthDetailInformation.swift; sourceTree = "<group>"; };
		3450A6DA280596080018EE38 /* ChooseThirdDetailInformation.swift */ = {isa = PBXFileReference; fileEncoding = 4; lastKnownFileType = sourcecode.swift; path = ChooseThirdDetailInformation.swift; sourceTree = "<group>"; };
		3450A6E0280596130018EE38 /* Question.swift */ = {isa = PBXFileReference; fileEncoding = 4; lastKnownFileType = sourcecode.swift; path = Question.swift; sourceTree = "<group>"; };
		3450A6E2280596180018EE38 /* CustomNavBar.swift */ = {isa = PBXFileReference; fileEncoding = 4; lastKnownFileType = sourcecode.swift; path = CustomNavBar.swift; sourceTree = "<group>"; };
		3450A6E3280596180018EE38 /* ScrollingHStackModifier.swift */ = {isa = PBXFileReference; fileEncoding = 4; lastKnownFileType = sourcecode.swift; path = ScrollingHStackModifier.swift; sourceTree = "<group>"; };
		3450A6E4280596180018EE38 /* ViewExtension.swift */ = {isa = PBXFileReference; fileEncoding = 4; lastKnownFileType = sourcecode.swift; path = ViewExtension.swift; sourceTree = "<group>"; };
		3450A6E5280596180018EE38 /* UIApplication.swift */ = {isa = PBXFileReference; fileEncoding = 4; lastKnownFileType = sourcecode.swift; path = UIApplication.swift; sourceTree = "<group>"; };
		3450A6EA2805961E0018EE38 /* SelectQuestionView.swift */ = {isa = PBXFileReference; fileEncoding = 4; lastKnownFileType = sourcecode.swift; path = SelectQuestionView.swift; sourceTree = "<group>"; };
		3450A6EB2805961E0018EE38 /* EvolutionResultView.swift */ = {isa = PBXFileReference; fileEncoding = 4; lastKnownFileType = sourcecode.swift; path = EvolutionResultView.swift; sourceTree = "<group>"; };
		3450A6EE2805961E0018EE38 /* CardEvolutionView.swift */ = {isa = PBXFileReference; fileEncoding = 4; lastKnownFileType = sourcecode.swift; path = CardEvolutionView.swift; sourceTree = "<group>"; };
		3450A6EF2805961E0018EE38 /* FrontCardCompleteView.swift */ = {isa = PBXFileReference; fileEncoding = 4; lastKnownFileType = sourcecode.swift; path = FrontCardCompleteView.swift; sourceTree = "<group>"; };
		3450A6F62805965D0018EE38 /* ios_MC1_DDD_projectApp.swift */ = {isa = PBXFileReference; lastKnownFileType = sourcecode.swift; path = ios_MC1_DDD_projectApp.swift; sourceTree = "<group>"; };
		3450A6F82805AAA40018EE38 /* SeedCardModel.swift */ = {isa = PBXFileReference; lastKnownFileType = sourcecode.swift; path = SeedCardModel.swift; sourceTree = "<group>"; };
		3450A6FB2805C6230018EE38 /* SeedCardView.swift */ = {isa = PBXFileReference; lastKnownFileType = sourcecode.swift; path = SeedCardView.swift; sourceTree = "<group>"; };
		3450A6FD2805E18D0018EE38 /* BackCardMakingView.swift */ = {isa = PBXFileReference; lastKnownFileType = sourcecode.swift; path = BackCardMakingView.swift; sourceTree = "<group>"; };
		3450A6FF2807266B0018EE38 /* BackCardCompleteView.swift */ = {isa = PBXFileReference; lastKnownFileType = sourcecode.swift; path = BackCardCompleteView.swift; sourceTree = "<group>"; };
		3450A7012807271C0018EE38 /* SeedCardBackView.swift */ = {isa = PBXFileReference; lastKnownFileType = sourcecode.swift; path = SeedCardBackView.swift; sourceTree = "<group>"; };
		3450A704280750F70018EE38 /* SeedCardManager.swift */ = {isa = PBXFileReference; lastKnownFileType = sourcecode.swift; path = SeedCardManager.swift; sourceTree = "<group>"; };
		3450A70628075A050018EE38 /* ScrollingHStackModifier_R.swift */ = {isa = PBXFileReference; lastKnownFileType = sourcecode.swift; path = ScrollingHStackModifier_R.swift; sourceTree = "<group>"; };
		3450A70828076C940018EE38 /* ReminderSelectQuestionCardView.swift */ = {isa = PBXFileReference; lastKnownFileType = sourcecode.swift; path = ReminderSelectQuestionCardView.swift; sourceTree = "<group>"; };
		3450A70B28076D390018EE38 /* ReminderDiaryView.swift */ = {isa = PBXFileReference; lastKnownFileType = sourcecode.swift; path = ReminderDiaryView.swift; sourceTree = "<group>"; };
		3450A70D280774A40018EE38 /* RetrospectMakingView.swift */ = {isa = PBXFileReference; lastKnownFileType = sourcecode.swift; path = RetrospectMakingView.swift; sourceTree = "<group>"; };
		3450A70F280776280018EE38 /* ReminderTitleView.swift */ = {isa = PBXFileReference; lastKnownFileType = sourcecode.swift; path = ReminderTitleView.swift; sourceTree = "<group>"; };
		3450A711280776470018EE38 /* ReminderDetailView.swift */ = {isa = PBXFileReference; lastKnownFileType = sourcecode.swift; path = ReminderDetailView.swift; sourceTree = "<group>"; };
		347B648A28046638006BC332 /* QuestionButtonView.swift */ = {isa = PBXFileReference; fileEncoding = 4; lastKnownFileType = sourcecode.swift; path = QuestionButtonView.swift; sourceTree = "<group>"; };
		34D8D37128084180003492AC /* NotiView.swift */ = {isa = PBXFileReference; lastKnownFileType = sourcecode.swift; path = NotiView.swift; sourceTree = "<group>"; };
/* End PBXFileReference section */

/* Begin PBXFrameworksBuildPhase section */
		0A3D647427FEB31C004C4F46 /* Frameworks */ = {
			isa = PBXFrameworksBuildPhase;
			buildActionMask = 2147483647;
			files = (
			);
			runOnlyForDeploymentPostprocessing = 0;
		};
/* End PBXFrameworksBuildPhase section */

/* Begin PBXGroup section */
		0A3D646E27FEB31C004C4F46 = {
			isa = PBXGroup;
			children = (
				0A3D647927FEB31C004C4F46 /* ios-MC1-DDD-project */,
				0A3D647827FEB31C004C4F46 /* Products */,
			);
			sourceTree = "<group>";
		};
		0A3D647827FEB31C004C4F46 /* Products */ = {
			isa = PBXGroup;
			children = (
				0A3D647727FEB31C004C4F46 /* ios-MC1-DDD-project.app */,
			);
			name = Products;
			sourceTree = "<group>";
		};
		0A3D647927FEB31C004C4F46 /* ios-MC1-DDD-project */ = {
			isa = PBXGroup;
			children = (
				3450A70A28076D0D0018EE38 /* Reminder */,
				3450A6FA2805C60D0018EE38 /* SeedCard */,
				347B648C2804663F006BC332 /* Models */,
				347B649428046734006BC332 /* CreateCardView */,
				3472CE43280565CD00061CB8 /* View */,
				347B648E2804663F006BC332 /* Extension */,
				347B648A28046638006BC332 /* QuestionButtonView.swift */,
				3450A6F62805965D0018EE38 /* ios_MC1_DDD_projectApp.swift */,
				3450A6BD280595EA0018EE38 /* CheckSelectsView.swift */,
				3450A6B9280595EA0018EE38 /* ContentView.swift */,
				3450A6BA280595EA0018EE38 /* DiaryDetailView.swift */,
				3450A6BC280595EA0018EE38 /* QuestionDetailView.swift */,
				3450A6B8280595EA0018EE38 /* QuestionTitleView.swift */,
				3450A6BB280595EA0018EE38 /* SelectImojiRawValue.swift */,
				3450A6BE280595EA0018EE38 /* TagView.swift */,
				3450A6B7280595EA0018EE38 /* TestView.swift */,
				3074FF742804069D00300DDE /* NextView.swift */,
				0A3D647E27FEB31D004C4F46 /* Assets.xcassets */,
				0A3D648027FEB31D004C4F46 /* Preview Content */,
			);
			path = "ios-MC1-DDD-project";
			sourceTree = "<group>";
		};
		0A3D648027FEB31D004C4F46 /* Preview Content */ = {
			isa = PBXGroup;
			children = (
				0A3D648127FEB31D004C4F46 /* Preview Assets.xcassets */,
			);
			path = "Preview Content";
			sourceTree = "<group>";
		};
		3450A6FA2805C60D0018EE38 /* SeedCard */ = {
			isa = PBXGroup;
			children = (
				3450A6FB2805C6230018EE38 /* SeedCardView.swift */,
				3450A7012807271C0018EE38 /* SeedCardBackView.swift */,
			);
			path = SeedCard;
			sourceTree = "<group>";
		};
		3450A70A28076D0D0018EE38 /* Reminder */ = {
			isa = PBXGroup;
			children = (
				3450A6EE2805961E0018EE38 /* CardEvolutionView.swift */,
				3450A70D280774A40018EE38 /* RetrospectMakingView.swift */,
				3450A70828076C940018EE38 /* ReminderSelectQuestionCardView.swift */,
				3450A70B28076D390018EE38 /* ReminderDiaryView.swift */,
				3450A711280776470018EE38 /* ReminderDetailView.swift */,
				3450A6EB2805961E0018EE38 /* EvolutionResultView.swift */,
				3450A70F280776280018EE38 /* ReminderTitleView.swift */,
			);
			path = Reminder;
			sourceTree = "<group>";
		};
		3472CE43280565CD00061CB8 /* View */ = {
			isa = PBXGroup;
			children = (
				3450A6CB280595F80018EE38 /* MainPageView.swift */,
				3450A6CA280595F80018EE38 /* DetailFirstPageView.swift */,
				3450A6B6280595EA0018EE38 /* DiaryView.swift */,
				3074FF72280300CF00300DDE /* PlantingSeedView.swift */,
				3472CE46280565CD00061CB8 /* ChooseDetailInformation */,
				3472CE4B280565CD00061CB8 /* MainCardDetailView */,
				34D8D37128084180003492AC /* NotiView.swift */,
			);
			path = View;
			sourceTree = "<group>";
		};
		3472CE46280565CD00061CB8 /* ChooseDetailInformation */ = {
			isa = PBXGroup;
			children = (
				3450A6D6280596080018EE38 /* ChooseFirstDetailInformation.swift */,
				3450A6D8280596080018EE38 /* ChooseSecondDetailInformation.swift */,
				3450A6DA280596080018EE38 /* ChooseThirdDetailInformation.swift */,
				3450A6D9280596080018EE38 /* ChooseFourthDetailInformation.swift */,
			);
			path = ChooseDetailInformation;
			sourceTree = "<group>";
		};
		3472CE4B280565CD00061CB8 /* MainCardDetailView */ = {
			isa = PBXGroup;
			children = (
				3450A6CF280596010018EE38 /* FirstMainCard.swift */,
				3450A6CE280596010018EE38 /* ForthMainCard.swift */,
				3450A6D1280596010018EE38 /* SecondMainCard.swift */,
				3450A6D0280596010018EE38 /* ThridMainCard.swift */,
			);
			path = MainCardDetailView;
			sourceTree = "<group>";
		};
		347B648C2804663F006BC332 /* Models */ = {
			isa = PBXGroup;
			children = (
				3450A6E0280596130018EE38 /* Question.swift */,
				3450A6F82805AAA40018EE38 /* SeedCardModel.swift */,
				3450A704280750F70018EE38 /* SeedCardManager.swift */,
			);
			path = Models;
			sourceTree = "<group>";
		};
		347B648E2804663F006BC332 /* Extension */ = {
			isa = PBXGroup;
			children = (
				3450A6E2280596180018EE38 /* CustomNavBar.swift */,
				3450A6E3280596180018EE38 /* ScrollingHStackModifier.swift */,
				3450A70628075A050018EE38 /* ScrollingHStackModifier_R.swift */,
				3450A6E5280596180018EE38 /* UIApplication.swift */,
				3450A6E4280596180018EE38 /* ViewExtension.swift */,
			);
			path = Extension;
			sourceTree = "<group>";
		};
		347B649428046734006BC332 /* CreateCardView */ = {
			isa = PBXGroup;
			children = (
				3450A6EF2805961E0018EE38 /* FrontCardCompleteView.swift */,
				3450A6FF2807266B0018EE38 /* BackCardCompleteView.swift */,
				3450A6EA2805961E0018EE38 /* SelectQuestionView.swift */,
				3450A6FD2805E18D0018EE38 /* BackCardMakingView.swift */,
			);
			path = CreateCardView;
			sourceTree = "<group>";
		};
/* End PBXGroup section */

/* Begin PBXNativeTarget section */
		0A3D647627FEB31C004C4F46 /* ios-MC1-DDD-project */ = {
			isa = PBXNativeTarget;
			buildConfigurationList = 0A3D648527FEB31D004C4F46 /* Build configuration list for PBXNativeTarget "ios-MC1-DDD-project" */;
			buildPhases = (
				0A3D647327FEB31C004C4F46 /* Sources */,
				0A3D647427FEB31C004C4F46 /* Frameworks */,
				0A3D647527FEB31C004C4F46 /* Resources */,
			);
			buildRules = (
			);
			dependencies = (
			);
			name = "ios-MC1-DDD-project";
			productName = "ios-MC1-DDD-project";
			productReference = 0A3D647727FEB31C004C4F46 /* ios-MC1-DDD-project.app */;
			productType = "com.apple.product-type.application";
		};
/* End PBXNativeTarget section */

/* Begin PBXProject section */
		0A3D646F27FEB31C004C4F46 /* Project object */ = {
			isa = PBXProject;
			attributes = {
				BuildIndependentTargetsInParallel = 1;
				LastSwiftUpdateCheck = 1330;
				LastUpgradeCheck = 1330;
				TargetAttributes = {
					0A3D647627FEB31C004C4F46 = {
						CreatedOnToolsVersion = 13.3;
					};
				};
			};
			buildConfigurationList = 0A3D647227FEB31C004C4F46 /* Build configuration list for PBXProject "ios-MC1-DDD-project" */;
			compatibilityVersion = "Xcode 13.0";
			developmentRegion = en;
			hasScannedForEncodings = 0;
			knownRegions = (
				en,
				Base,
			);
			mainGroup = 0A3D646E27FEB31C004C4F46;
			productRefGroup = 0A3D647827FEB31C004C4F46 /* Products */;
			projectDirPath = "";
			projectRoot = "";
			targets = (
				0A3D647627FEB31C004C4F46 /* ios-MC1-DDD-project */,
			);
		};
/* End PBXProject section */

/* Begin PBXResourcesBuildPhase section */
		0A3D647527FEB31C004C4F46 /* Resources */ = {
			isa = PBXResourcesBuildPhase;
			buildActionMask = 2147483647;
			files = (
				0A3D648227FEB31D004C4F46 /* Preview Assets.xcassets in Resources */,
				0A3D647F27FEB31D004C4F46 /* Assets.xcassets in Resources */,
			);
			runOnlyForDeploymentPostprocessing = 0;
		};
/* End PBXResourcesBuildPhase section */

/* Begin PBXSourcesBuildPhase section */
		0A3D647327FEB31C004C4F46 /* Sources */ = {
			isa = PBXSourcesBuildPhase;
			buildActionMask = 2147483647;
			files = (
				3450A70928076C940018EE38 /* ReminderSelectQuestionCardView.swift in Sources */,
				3450A6DE280596080018EE38 /* ChooseFourthDetailInformation.swift in Sources */,
				3450A6D4280596010018EE38 /* ThridMainCard.swift in Sources */,
				3450A6C1280595EA0018EE38 /* TestView.swift in Sources */,
				3450A6C4280595EA0018EE38 /* DiaryDetailView.swift in Sources */,
				3450A7022807271C0018EE38 /* SeedCardBackView.swift in Sources */,
				3450A7002807266B0018EE38 /* BackCardCompleteView.swift in Sources */,
				347B649B28046734006BC332 /* (null) in Sources */,
				3450A6F52805961E0018EE38 /* FrontCardCompleteView.swift in Sources */,
				3450A6F02805961E0018EE38 /* SelectQuestionView.swift in Sources */,
				3450A6F12805961E0018EE38 /* EvolutionResultView.swift in Sources */,
				3450A6E6280596180018EE38 /* CustomNavBar.swift in Sources */,
				3450A6C5280595EA0018EE38 /* SelectImojiRawValue.swift in Sources */,
				3450A6C0280595EA0018EE38 /* DiaryView.swift in Sources */,
				34D8D37228084180003492AC /* NotiView.swift in Sources */,
				3450A6E9280596180018EE38 /* UIApplication.swift in Sources */,
				3450A712280776470018EE38 /* ReminderDetailView.swift in Sources */,
				3450A70C28076D390018EE38 /* ReminderDiaryView.swift in Sources */,
				3450A6D5280596010018EE38 /* SecondMainCard.swift in Sources */,
				3450A710280776280018EE38 /* ReminderTitleView.swift in Sources */,
				3450A6D3280596010018EE38 /* FirstMainCard.swift in Sources */,
				3450A6E7280596180018EE38 /* ScrollingHStackModifier.swift in Sources */,
				3450A70728075A050018EE38 /* ScrollingHStackModifier_R.swift in Sources */,
				3074FF73280300CF00300DDE /* PlantingSeedView.swift in Sources */,
				3450A705280750F70018EE38 /* SeedCardManager.swift in Sources */,
				3450A6CC280595F80018EE38 /* DetailFirstPageView.swift in Sources */,
				3450A6C3280595EA0018EE38 /* ContentView.swift in Sources */,
				3450A6C6280595EA0018EE38 /* QuestionDetailView.swift in Sources */,
				3450A6FE2805E18D0018EE38 /* BackCardMakingView.swift in Sources */,
				3450A6DB280596080018EE38 /* ChooseFirstDetailInformation.swift in Sources */,
				3450A6F92805AAA50018EE38 /* SeedCardModel.swift in Sources */,
				3450A6CD280595F80018EE38 /* MainPageView.swift in Sources */,
				3450A6C7280595EA0018EE38 /* CheckSelectsView.swift in Sources */,
				3450A6D2280596010018EE38 /* ForthMainCard.swift in Sources */,
				3450A6FC2805C6230018EE38 /* SeedCardView.swift in Sources */,
				3450A6C8280595EA0018EE38 /* TagView.swift in Sources */,
				3450A6F42805961E0018EE38 /* CardEvolutionView.swift in Sources */,
				3450A70E280774A40018EE38 /* RetrospectMakingView.swift in Sources */,
				3450A6E1280596130018EE38 /* Question.swift in Sources */,
				3450A6E8280596180018EE38 /* ViewExtension.swift in Sources */,
				3450A6DD280596080018EE38 /* ChooseSecondDetailInformation.swift in Sources */,
				3074FF752804069D00300DDE /* NextView.swift in Sources */,
				3450A6F72805965D0018EE38 /* ios_MC1_DDD_projectApp.swift in Sources */,
				3450A6DF280596080018EE38 /* ChooseThirdDetailInformation.swift in Sources */,
				3450A6C2280595EA0018EE38 /* QuestionTitleView.swift in Sources */,
			);
			runOnlyForDeploymentPostprocessing = 0;
		};
/* End PBXSourcesBuildPhase section */

/* Begin XCBuildConfiguration section */
		0A3D648327FEB31D004C4F46 /* Debug */ = {
			isa = XCBuildConfiguration;
			buildSettings = {
				ALWAYS_SEARCH_USER_PATHS = NO;
				CLANG_ANALYZER_NONNULL = YES;
				CLANG_ANALYZER_NUMBER_OBJECT_CONVERSION = YES_AGGRESSIVE;
				CLANG_CXX_LANGUAGE_STANDARD = "gnu++17";
				CLANG_ENABLE_MODULES = YES;
				CLANG_ENABLE_OBJC_ARC = YES;
				CLANG_ENABLE_OBJC_WEAK = YES;
				CLANG_WARN_BLOCK_CAPTURE_AUTORELEASING = YES;
				CLANG_WARN_BOOL_CONVERSION = YES;
				CLANG_WARN_COMMA = YES;
				CLANG_WARN_CONSTANT_CONVERSION = YES;
				CLANG_WARN_DEPRECATED_OBJC_IMPLEMENTATIONS = YES;
				CLANG_WARN_DIRECT_OBJC_ISA_USAGE = YES_ERROR;
				CLANG_WARN_DOCUMENTATION_COMMENTS = YES;
				CLANG_WARN_EMPTY_BODY = YES;
				CLANG_WARN_ENUM_CONVERSION = YES;
				CLANG_WARN_INFINITE_RECURSION = YES;
				CLANG_WARN_INT_CONVERSION = YES;
				CLANG_WARN_NON_LITERAL_NULL_CONVERSION = YES;
				CLANG_WARN_OBJC_IMPLICIT_RETAIN_SELF = YES;
				CLANG_WARN_OBJC_LITERAL_CONVERSION = YES;
				CLANG_WARN_OBJC_ROOT_CLASS = YES_ERROR;
				CLANG_WARN_QUOTED_INCLUDE_IN_FRAMEWORK_HEADER = YES;
				CLANG_WARN_RANGE_LOOP_ANALYSIS = YES;
				CLANG_WARN_STRICT_PROTOTYPES = YES;
				CLANG_WARN_SUSPICIOUS_MOVE = YES;
				CLANG_WARN_UNGUARDED_AVAILABILITY = YES_AGGRESSIVE;
				CLANG_WARN_UNREACHABLE_CODE = YES;
				CLANG_WARN__DUPLICATE_METHOD_MATCH = YES;
				COPY_PHASE_STRIP = NO;
				DEBUG_INFORMATION_FORMAT = dwarf;
				ENABLE_STRICT_OBJC_MSGSEND = YES;
				ENABLE_TESTABILITY = YES;
				GCC_C_LANGUAGE_STANDARD = gnu11;
				GCC_DYNAMIC_NO_PIC = NO;
				GCC_NO_COMMON_BLOCKS = YES;
				GCC_OPTIMIZATION_LEVEL = 0;
				GCC_PREPROCESSOR_DEFINITIONS = (
					"DEBUG=1",
					"$(inherited)",
				);
				GCC_WARN_64_TO_32_BIT_CONVERSION = YES;
				GCC_WARN_ABOUT_RETURN_TYPE = YES_ERROR;
				GCC_WARN_UNDECLARED_SELECTOR = YES;
				GCC_WARN_UNINITIALIZED_AUTOS = YES_AGGRESSIVE;
				GCC_WARN_UNUSED_FUNCTION = YES;
				GCC_WARN_UNUSED_VARIABLE = YES;
				IPHONEOS_DEPLOYMENT_TARGET = 15.4;
				MTL_ENABLE_DEBUG_INFO = INCLUDE_SOURCE;
				MTL_FAST_MATH = YES;
				ONLY_ACTIVE_ARCH = YES;
				SDKROOT = iphoneos;
				SWIFT_ACTIVE_COMPILATION_CONDITIONS = DEBUG;
				SWIFT_OPTIMIZATION_LEVEL = "-Onone";
			};
			name = Debug;
		};
		0A3D648427FEB31D004C4F46 /* Release */ = {
			isa = XCBuildConfiguration;
			buildSettings = {
				ALWAYS_SEARCH_USER_PATHS = NO;
				CLANG_ANALYZER_NONNULL = YES;
				CLANG_ANALYZER_NUMBER_OBJECT_CONVERSION = YES_AGGRESSIVE;
				CLANG_CXX_LANGUAGE_STANDARD = "gnu++17";
				CLANG_ENABLE_MODULES = YES;
				CLANG_ENABLE_OBJC_ARC = YES;
				CLANG_ENABLE_OBJC_WEAK = YES;
				CLANG_WARN_BLOCK_CAPTURE_AUTORELEASING = YES;
				CLANG_WARN_BOOL_CONVERSION = YES;
				CLANG_WARN_COMMA = YES;
				CLANG_WARN_CONSTANT_CONVERSION = YES;
				CLANG_WARN_DEPRECATED_OBJC_IMPLEMENTATIONS = YES;
				CLANG_WARN_DIRECT_OBJC_ISA_USAGE = YES_ERROR;
				CLANG_WARN_DOCUMENTATION_COMMENTS = YES;
				CLANG_WARN_EMPTY_BODY = YES;
				CLANG_WARN_ENUM_CONVERSION = YES;
				CLANG_WARN_INFINITE_RECURSION = YES;
				CLANG_WARN_INT_CONVERSION = YES;
				CLANG_WARN_NON_LITERAL_NULL_CONVERSION = YES;
				CLANG_WARN_OBJC_IMPLICIT_RETAIN_SELF = YES;
				CLANG_WARN_OBJC_LITERAL_CONVERSION = YES;
				CLANG_WARN_OBJC_ROOT_CLASS = YES_ERROR;
				CLANG_WARN_QUOTED_INCLUDE_IN_FRAMEWORK_HEADER = YES;
				CLANG_WARN_RANGE_LOOP_ANALYSIS = YES;
				CLANG_WARN_STRICT_PROTOTYPES = YES;
				CLANG_WARN_SUSPICIOUS_MOVE = YES;
				CLANG_WARN_UNGUARDED_AVAILABILITY = YES_AGGRESSIVE;
				CLANG_WARN_UNREACHABLE_CODE = YES;
				CLANG_WARN__DUPLICATE_METHOD_MATCH = YES;
				COPY_PHASE_STRIP = NO;
				DEBUG_INFORMATION_FORMAT = "dwarf-with-dsym";
				ENABLE_NS_ASSERTIONS = NO;
				ENABLE_STRICT_OBJC_MSGSEND = YES;
				GCC_C_LANGUAGE_STANDARD = gnu11;
				GCC_NO_COMMON_BLOCKS = YES;
				GCC_WARN_64_TO_32_BIT_CONVERSION = YES;
				GCC_WARN_ABOUT_RETURN_TYPE = YES_ERROR;
				GCC_WARN_UNDECLARED_SELECTOR = YES;
				GCC_WARN_UNINITIALIZED_AUTOS = YES_AGGRESSIVE;
				GCC_WARN_UNUSED_FUNCTION = YES;
				GCC_WARN_UNUSED_VARIABLE = YES;
				IPHONEOS_DEPLOYMENT_TARGET = 15.4;
				MTL_ENABLE_DEBUG_INFO = NO;
				MTL_FAST_MATH = YES;
				SDKROOT = iphoneos;
				SWIFT_COMPILATION_MODE = wholemodule;
				SWIFT_OPTIMIZATION_LEVEL = "-O";
				VALIDATE_PRODUCT = YES;
			};
			name = Release;
		};
		0A3D648627FEB31D004C4F46 /* Debug */ = {
			isa = XCBuildConfiguration;
			buildSettings = {
				ASSETCATALOG_COMPILER_APPICON_NAME = AppIcon;
				ASSETCATALOG_COMPILER_GLOBAL_ACCENT_COLOR_NAME = AccentColor;
				CODE_SIGN_STYLE = Automatic;
				CURRENT_PROJECT_VERSION = 1;
				DEVELOPMENT_ASSET_PATHS = "\"ios-MC1-DDD-project/Preview Content\"";
				DEVELOPMENT_TEAM = JPL38XBHJ4;
				ENABLE_PREVIEWS = YES;
				GENERATE_INFOPLIST_FILE = YES;
				INFOPLIST_KEY_UIApplicationSceneManifest_Generation = YES;
				INFOPLIST_KEY_UIApplicationSupportsIndirectInputEvents = YES;
				INFOPLIST_KEY_UILaunchScreen_Generation = YES;
				INFOPLIST_KEY_UISupportedInterfaceOrientations_iPad = "UIInterfaceOrientationPortrait UIInterfaceOrientationPortraitUpsideDown UIInterfaceOrientationLandscapeLeft UIInterfaceOrientationLandscapeRight";
				INFOPLIST_KEY_UISupportedInterfaceOrientations_iPhone = "UIInterfaceOrientationPortrait UIInterfaceOrientationLandscapeLeft UIInterfaceOrientationLandscapeRight";
				LD_RUNPATH_SEARCH_PATHS = (
					"$(inherited)",
					"@executable_path/Frameworks",
				);
				MARKETING_VERSION = 1.0;
				PRODUCT_BUNDLE_IDENTIFIER = com.etst;
				PRODUCT_NAME = "$(TARGET_NAME)";
				SWIFT_EMIT_LOC_STRINGS = YES;
				SWIFT_VERSION = 5.0;
				TARGETED_DEVICE_FAMILY = "1,2";
			};
			name = Debug;
		};
		0A3D648727FEB31D004C4F46 /* Release */ = {
			isa = XCBuildConfiguration;
			buildSettings = {
				ASSETCATALOG_COMPILER_APPICON_NAME = AppIcon;
				ASSETCATALOG_COMPILER_GLOBAL_ACCENT_COLOR_NAME = AccentColor;
				CODE_SIGN_STYLE = Automatic;
				CURRENT_PROJECT_VERSION = 1;
				DEVELOPMENT_ASSET_PATHS = "\"ios-MC1-DDD-project/Preview Content\"";
				DEVELOPMENT_TEAM = JPL38XBHJ4;
				ENABLE_PREVIEWS = YES;
				GENERATE_INFOPLIST_FILE = YES;
				INFOPLIST_KEY_UIApplicationSceneManifest_Generation = YES;
				INFOPLIST_KEY_UIApplicationSupportsIndirectInputEvents = YES;
				INFOPLIST_KEY_UILaunchScreen_Generation = YES;
				INFOPLIST_KEY_UISupportedInterfaceOrientations_iPad = "UIInterfaceOrientationPortrait UIInterfaceOrientationPortraitUpsideDown UIInterfaceOrientationLandscapeLeft UIInterfaceOrientationLandscapeRight";
				INFOPLIST_KEY_UISupportedInterfaceOrientations_iPhone = "UIInterfaceOrientationPortrait UIInterfaceOrientationLandscapeLeft UIInterfaceOrientationLandscapeRight";
				LD_RUNPATH_SEARCH_PATHS = (
					"$(inherited)",
					"@executable_path/Frameworks",
				);
				MARKETING_VERSION = 1.0;
				PRODUCT_BUNDLE_IDENTIFIER = com.etst;
				PRODUCT_NAME = "$(TARGET_NAME)";
				SWIFT_EMIT_LOC_STRINGS = YES;
				SWIFT_VERSION = 5.0;
				TARGETED_DEVICE_FAMILY = "1,2";
			};
			name = Release;
		};
/* End XCBuildConfiguration section */

/* Begin XCConfigurationList section */
		0A3D647227FEB31C004C4F46 /* Build configuration list for PBXProject "ios-MC1-DDD-project" */ = {
			isa = XCConfigurationList;
			buildConfigurations = (
				0A3D648327FEB31D004C4F46 /* Debug */,
				0A3D648427FEB31D004C4F46 /* Release */,
			);
			defaultConfigurationIsVisible = 0;
			defaultConfigurationName = Release;
		};
		0A3D648527FEB31D004C4F46 /* Build configuration list for PBXNativeTarget "ios-MC1-DDD-project" */ = {
			isa = XCConfigurationList;
			buildConfigurations = (
				0A3D648627FEB31D004C4F46 /* Debug */,
				0A3D648727FEB31D004C4F46 /* Release */,
			);
			defaultConfigurationIsVisible = 0;
			defaultConfigurationName = Release;
		};
/* End XCConfigurationList section */
	};
	rootObject = 0A3D646F27FEB31C004C4F46 /* Project object */;
}
