// !$*UTF8*$!
{
	archiveVersion = 1;
	classes = {
	};
	objectVersion = 55;
	objects = {

/* Begin PBXBuildFile section */
		0A3D647B27FEB31C004C4F46 /* ios_MC1_DDD_projectApp.swift in Sources */ = {isa = PBXBuildFile; fileRef = 0A3D647A27FEB31C004C4F46 /* ios_MC1_DDD_projectApp.swift */; };
		0A3D647D27FEB31C004C4F46 /* ContentView.swift in Sources */ = {isa = PBXBuildFile; fileRef = 0A3D647C27FEB31C004C4F46 /* ContentView.swift */; };
		0A3D647F27FEB31D004C4F46 /* Assets.xcassets in Resources */ = {isa = PBXBuildFile; fileRef = 0A3D647E27FEB31D004C4F46 /* Assets.xcassets */; };
		0A3D648227FEB31D004C4F46 /* Preview Assets.xcassets in Resources */ = {isa = PBXBuildFile; fileRef = 0A3D648127FEB31D004C4F46 /* Preview Assets.xcassets */; };
		EC98143F2804608400ADED04 /* DiaryDetailView.swift in Sources */ = {isa = PBXBuildFile; fileRef = EC9814392804608400ADED04 /* DiaryDetailView.swift */; };
		EC9814402804608400ADED04 /* QuestionDetailView.swift in Sources */ = {isa = PBXBuildFile; fileRef = EC98143A2804608400ADED04 /* QuestionDetailView.swift */; };
		EC9814412804608400ADED04 /* TagView.swift in Sources */ = {isa = PBXBuildFile; fileRef = EC98143B2804608400ADED04 /* TagView.swift */; };
		EC9814422804608400ADED04 /* DiaryView.swift in Sources */ = {isa = PBXBuildFile; fileRef = EC98143C2804608400ADED04 /* DiaryView.swift */; };
		EC9814432804608400ADED04 /* ViewExtension.swift in Sources */ = {isa = PBXBuildFile; fileRef = EC98143D2804608400ADED04 /* ViewExtension.swift */; };
		EC9814442804608400ADED04 /* QuestionTitleView.swift in Sources */ = {isa = PBXBuildFile; fileRef = EC98143E2804608400ADED04 /* QuestionTitleView.swift */; };
/* End PBXBuildFile section */

/* Begin PBXFileReference section */
		0A3D647727FEB31C004C4F46 /* ios-MC1-DDD-project.app */ = {isa = PBXFileReference; explicitFileType = wrapper.application; includeInIndex = 0; path = "ios-MC1-DDD-project.app"; sourceTree = BUILT_PRODUCTS_DIR; };
		0A3D647A27FEB31C004C4F46 /* ios_MC1_DDD_projectApp.swift */ = {isa = PBXFileReference; lastKnownFileType = sourcecode.swift; path = ios_MC1_DDD_projectApp.swift; sourceTree = "<group>"; };
		0A3D647C27FEB31C004C4F46 /* ContentView.swift */ = {isa = PBXFileReference; lastKnownFileType = sourcecode.swift; path = ContentView.swift; sourceTree = "<group>"; };
		0A3D647E27FEB31D004C4F46 /* Assets.xcassets */ = {isa = PBXFileReference; lastKnownFileType = folder.assetcatalog; path = Assets.xcassets; sourceTree = "<group>"; };
		0A3D648127FEB31D004C4F46 /* Preview Assets.xcassets */ = {isa = PBXFileReference; lastKnownFileType = folder.assetcatalog; path = "Preview Assets.xcassets"; sourceTree = "<group>"; };
		EC9814392804608400ADED04 /* DiaryDetailView.swift */ = {isa = PBXFileReference; fileEncoding = 4; lastKnownFileType = sourcecode.swift; path = DiaryDetailView.swift; sourceTree = "<group>"; };
		EC98143A2804608400ADED04 /* QuestionDetailView.swift */ = {isa = PBXFileReference; fileEncoding = 4; lastKnownFileType = sourcecode.swift; path = QuestionDetailView.swift; sourceTree = "<group>"; };
		EC98143B2804608400ADED04 /* TagView.swift */ = {isa = PBXFileReference; fileEncoding = 4; lastKnownFileType = sourcecode.swift; path = TagView.swift; sourceTree = "<group>"; };
		EC98143C2804608400ADED04 /* DiaryView.swift */ = {isa = PBXFileReference; fileEncoding = 4; lastKnownFileType = sourcecode.swift; path = DiaryView.swift; sourceTree = "<group>"; };
		EC98143D2804608400ADED04 /* ViewExtension.swift */ = {isa = PBXFileReference; fileEncoding = 4; lastKnownFileType = sourcecode.swift; path = ViewExtension.swift; sourceTree = "<group>"; };
		EC98143E2804608400ADED04 /* QuestionTitleView.swift */ = {isa = PBXFileReference; fileEncoding = 4; lastKnownFileType = sourcecode.swift; path = QuestionTitleView.swift; sourceTree = "<group>"; };
/* End PBXFileReference section */

/* Begin PBXFrameworksBuildPhase section */
		0A3D647427FEB31C004C4F46 /* Frameworks */ = {
			isa = PBXFrameworksBuildPhase;
			buildActionMask = 2147483647;
			files = (
			);
			runOnlyForDeploymentPostprocessing = 0;
		};
/* End PBXFrameworksBuildPhase section */

/* Begin PBXGroup section */
		0A3D646E27FEB31C004C4F46 = {
			isa = PBXGroup;
			children = (
				0A3D647927FEB31C004C4F46 /* ios-MC1-DDD-project */,
				0A3D647827FEB31C004C4F46 /* Products */,
			);
			sourceTree = "<group>";
		};
		0A3D647827FEB31C004C4F46 /* Products */ = {
			isa = PBXGroup;
			children = (
				0A3D647727FEB31C004C4F46 /* ios-MC1-DDD-project.app */,
			);
			name = Products;
			sourceTree = "<group>";
		};
		0A3D647927FEB31C004C4F46 /* ios-MC1-DDD-project */ = {
			isa = PBXGroup;
			children = (
				0A3D647A27FEB31C004C4F46 /* ios_MC1_DDD_projectApp.swift */,
				0A3D647C27FEB31C004C4F46 /* ContentView.swift */,
				EC9814392804608400ADED04 /* DiaryDetailView.swift */,
				EC98143C2804608400ADED04 /* DiaryView.swift */,
				EC98143A2804608400ADED04 /* QuestionDetailView.swift */,
				EC98143E2804608400ADED04 /* QuestionTitleView.swift */,
				EC98143B2804608400ADED04 /* TagView.swift */,
				EC98143D2804608400ADED04 /* ViewExtension.swift */,
				0A3D647E27FEB31D004C4F46 /* Assets.xcassets */,
				0A3D648027FEB31D004C4F46 /* Preview Content */,
			);
			path = "ios-MC1-DDD-project";
			sourceTree = "<group>";
		};
		0A3D648027FEB31D004C4F46 /* Preview Content */ = {
			isa = PBXGroup;
			children = (
				0A3D648127FEB31D004C4F46 /* Preview Assets.xcassets */,
			);
			path = "Preview Content";
			sourceTree = "<group>";
		};
/* End PBXGroup section */

/* Begin PBXNativeTarget section */
		0A3D647627FEB31C004C4F46 /* ios-MC1-DDD-project */ = {
			isa = PBXNativeTarget;
			buildConfigurationList = 0A3D648527FEB31D004C4F46 /* Build configuration list for PBXNativeTarget "ios-MC1-DDD-project" */;
			buildPhases = (
				0A3D647327FEB31C004C4F46 /* Sources */,
				0A3D647427FEB31C004C4F46 /* Frameworks */,
				0A3D647527FEB31C004C4F46 /* Resources */,
			);
			buildRules = (
			);
			dependencies = (
			);
			name = "ios-MC1-DDD-project";
			productName = "ios-MC1-DDD-project";
			productReference = 0A3D647727FEB31C004C4F46 /* ios-MC1-DDD-project.app */;
			productType = "com.apple.product-type.application";
		};
/* End PBXNativeTarget section */

/* Begin PBXProject section */
		0A3D646F27FEB31C004C4F46 /* Project object */ = {
			isa = PBXProject;
			attributes = {
				BuildIndependentTargetsInParallel = 1;
				LastSwiftUpdateCheck = 1330;
				LastUpgradeCheck = 1330;
				TargetAttributes = {
					0A3D647627FEB31C004C4F46 = {
						CreatedOnToolsVersion = 13.3;
					};
				};
			};
			buildConfigurationList = 0A3D647227FEB31C004C4F46 /* Build configuration list for PBXProject "ios-MC1-DDD-project" */;
			compatibilityVersion = "Xcode 13.0";
			developmentRegion = en;
			hasScannedForEncodings = 0;
			knownRegions = (
				en,
				Base,
			);
			mainGroup = 0A3D646E27FEB31C004C4F46;
			productRefGroup = 0A3D647827FEB31C004C4F46 /* Products */;
			projectDirPath = "";
			projectRoot = "";
			targets = (
				0A3D647627FEB31C004C4F46 /* ios-MC1-DDD-project */,
			);
		};
/* End PBXProject section */

/* Begin PBXResourcesBuildPhase section */
		0A3D647527FEB31C004C4F46 /* Resources */ = {
			isa = PBXResourcesBuildPhase;
			buildActionMask = 2147483647;
			files = (
				0A3D648227FEB31D004C4F46 /* Preview Assets.xcassets in Resources */,
				0A3D647F27FEB31D004C4F46 /* Assets.xcassets in Resources */,
			);
			runOnlyForDeploymentPostprocessing = 0;
		};
/* End PBXResourcesBuildPhase section */

/* Begin PBXSourcesBuildPhase section */
		0A3D647327FEB31C004C4F46 /* Sources */ = {
			isa = PBXSourcesBuildPhase;
			buildActionMask = 2147483647;
			files = (
				EC98143F2804608400ADED04 /* DiaryDetailView.swift in Sources */,
				EC9814412804608400ADED04 /* TagView.swift in Sources */,
				EC9814422804608400ADED04 /* DiaryView.swift in Sources */,
				EC9814432804608400ADED04 /* ViewExtension.swift in Sources */,
				EC9814402804608400ADED04 /* QuestionDetailView.swift in Sources */,
				0A3D647D27FEB31C004C4F46 /* ContentView.swift in Sources */,
				0A3D647B27FEB31C004C4F46 /* ios_MC1_DDD_projectApp.swift in Sources */,
				EC9814442804608400ADED04 /* QuestionTitleView.swift in Sources */,
			);
			runOnlyForDeploymentPostprocessing = 0;
		};
/* End PBXSourcesBuildPhase section */

/* Begin XCBuildConfiguration section */
		0A3D648327FEB31D004C4F46 /* Debug */ = {
			isa = XCBuildConfiguration;
			buildSettings = {
				ALWAYS_SEARCH_USER_PATHS = NO;
				CLANG_ANALYZER_NONNULL = YES;
				CLANG_ANALYZER_NUMBER_OBJECT_CONVERSION = YES_AGGRESSIVE;
				CLANG_CXX_LANGUAGE_STANDARD = "gnu++17";
				CLANG_ENABLE_MODULES = YES;
				CLANG_ENABLE_OBJC_ARC = YES;
				CLANG_ENABLE_OBJC_WEAK = YES;
				CLANG_WARN_BLOCK_CAPTURE_AUTORELEASING = YES;
				CLANG_WARN_BOOL_CONVERSION = YES;
				CLANG_WARN_COMMA = YES;
				CLANG_WARN_CONSTANT_CONVERSION = YES;
				CLANG_WARN_DEPRECATED_OBJC_IMPLEMENTATIONS = YES;
				CLANG_WARN_DIRECT_OBJC_ISA_USAGE = YES_ERROR;
				CLANG_WARN_DOCUMENTATION_COMMENTS = YES;
				CLANG_WARN_EMPTY_BODY = YES;
				CLANG_WARN_ENUM_CONVERSION = YES;
				CLANG_WARN_INFINITE_RECURSION = YES;
				CLANG_WARN_INT_CONVERSION = YES;
				CLANG_WARN_NON_LITERAL_NULL_CONVERSION = YES;
				CLANG_WARN_OBJC_IMPLICIT_RETAIN_SELF = YES;
				CLANG_WARN_OBJC_LITERAL_CONVERSION = YES;
				CLANG_WARN_OBJC_ROOT_CLASS = YES_ERROR;
				CLANG_WARN_QUOTED_INCLUDE_IN_FRAMEWORK_HEADER = YES;
				CLANG_WARN_RANGE_LOOP_ANALYSIS = YES;
				CLANG_WARN_STRICT_PROTOTYPES = YES;
				CLANG_WARN_SUSPICIOUS_MOVE = YES;
				CLANG_WARN_UNGUARDED_AVAILABILITY = YES_AGGRESSIVE;
				CLANG_WARN_UNREACHABLE_CODE = YES;
				CLANG_WARN__DUPLICATE_METHOD_MATCH = YES;
				COPY_PHASE_STRIP = NO;
				DEBUG_INFORMATION_FORMAT = dwarf;
				ENABLE_STRICT_OBJC_MSGSEND = YES;
				ENABLE_TESTABILITY = YES;
				GCC_C_LANGUAGE_STANDARD = gnu11;
				GCC_DYNAMIC_NO_PIC = NO;
				GCC_NO_COMMON_BLOCKS = YES;
				GCC_OPTIMIZATION_LEVEL = 0;
				GCC_PREPROCESSOR_DEFINITIONS = (
					"DEBUG=1",
					"$(inherited)",
				);
				GCC_WARN_64_TO_32_BIT_CONVERSION = YES;
				GCC_WARN_ABOUT_RETURN_TYPE = YES_ERROR;
				GCC_WARN_UNDECLARED_SELECTOR = YES;
				GCC_WARN_UNINITIALIZED_AUTOS = YES_AGGRESSIVE;
				GCC_WARN_UNUSED_FUNCTION = YES;
				GCC_WARN_UNUSED_VARIABLE = YES;
				IPHONEOS_DEPLOYMENT_TARGET = 15.4;
				MTL_ENABLE_DEBUG_INFO = INCLUDE_SOURCE;
				MTL_FAST_MATH = YES;
				ONLY_ACTIVE_ARCH = YES;
				SDKROOT = iphoneos;
				SWIFT_ACTIVE_COMPILATION_CONDITIONS = DEBUG;
				SWIFT_OPTIMIZATION_LEVEL = "-Onone";
			};
			name = Debug;
		};
		0A3D648427FEB31D004C4F46 /* Release */ = {
			isa = XCBuildConfiguration;
			buildSettings = {
				ALWAYS_SEARCH_USER_PATHS = NO;
				CLANG_ANALYZER_NONNULL = YES;
				CLANG_ANALYZER_NUMBER_OBJECT_CONVERSION = YES_AGGRESSIVE;
				CLANG_CXX_LANGUAGE_STANDARD = "gnu++17";
				CLANG_ENABLE_MODULES = YES;
				CLANG_ENABLE_OBJC_ARC = YES;
				CLANG_ENABLE_OBJC_WEAK = YES;
				CLANG_WARN_BLOCK_CAPTURE_AUTORELEASING = YES;
				CLANG_WARN_BOOL_CONVERSION = YES;
				CLANG_WARN_COMMA = YES;
				CLANG_WARN_CONSTANT_CONVERSION = YES;
				CLANG_WARN_DEPRECATED_OBJC_IMPLEMENTATIONS = YES;
				CLANG_WARN_DIRECT_OBJC_ISA_USAGE = YES_ERROR;
				CLANG_WARN_DOCUMENTATION_COMMENTS = YES;
				CLANG_WARN_EMPTY_BODY = YES;
				CLANG_WARN_ENUM_CONVERSION = YES;
				CLANG_WARN_INFINITE_RECURSION = YES;
				CLANG_WARN_INT_CONVERSION = YES;
				CLANG_WARN_NON_LITERAL_NULL_CONVERSION = YES;
				CLANG_WARN_OBJC_IMPLICIT_RETAIN_SELF = YES;
				CLANG_WARN_OBJC_LITERAL_CONVERSION = YES;
				CLANG_WARN_OBJC_ROOT_CLASS = YES_ERROR;
				CLANG_WARN_QUOTED_INCLUDE_IN_FRAMEWORK_HEADER = YES;
				CLANG_WARN_RANGE_LOOP_ANALYSIS = YES;
				CLANG_WARN_STRICT_PROTOTYPES = YES;
				CLANG_WARN_SUSPICIOUS_MOVE = YES;
				CLANG_WARN_UNGUARDED_AVAILABILITY = YES_AGGRESSIVE;
				CLANG_WARN_UNREACHABLE_CODE = YES;
				CLANG_WARN__DUPLICATE_METHOD_MATCH = YES;
				COPY_PHASE_STRIP = NO;
				DEBUG_INFORMATION_FORMAT = "dwarf-with-dsym";
				ENABLE_NS_ASSERTIONS = NO;
				ENABLE_STRICT_OBJC_MSGSEND = YES;
				GCC_C_LANGUAGE_STANDARD = gnu11;
				GCC_NO_COMMON_BLOCKS = YES;
				GCC_WARN_64_TO_32_BIT_CONVERSION = YES;
				GCC_WARN_ABOUT_RETURN_TYPE = YES_ERROR;
				GCC_WARN_UNDECLARED_SELECTOR = YES;
				GCC_WARN_UNINITIALIZED_AUTOS = YES_AGGRESSIVE;
				GCC_WARN_UNUSED_FUNCTION = YES;
				GCC_WARN_UNUSED_VARIABLE = YES;
				IPHONEOS_DEPLOYMENT_TARGET = 15.4;
				MTL_ENABLE_DEBUG_INFO = NO;
				MTL_FAST_MATH = YES;
				SDKROOT = iphoneos;
				SWIFT_COMPILATION_MODE = wholemodule;
				SWIFT_OPTIMIZATION_LEVEL = "-O";
				VALIDATE_PRODUCT = YES;
			};
			name = Release;
		};
		0A3D648627FEB31D004C4F46 /* Debug */ = {
			isa = XCBuildConfiguration;
			buildSettings = {
				ASSETCATALOG_COMPILER_APPICON_NAME = AppIcon;
				ASSETCATALOG_COMPILER_GLOBAL_ACCENT_COLOR_NAME = AccentColor;
				CODE_SIGN_STYLE = Automatic;
				CURRENT_PROJECT_VERSION = 1;
				DEVELOPMENT_ASSET_PATHS = "\"ios-MC1-DDD-project/Preview Content\"";
				ENABLE_PREVIEWS = YES;
				GENERATE_INFOPLIST_FILE = YES;
				INFOPLIST_KEY_UIApplicationSceneManifest_Generation = YES;
				INFOPLIST_KEY_UIApplicationSupportsIndirectInputEvents = YES;
				INFOPLIST_KEY_UILaunchScreen_Generation = YES;
				INFOPLIST_KEY_UISupportedInterfaceOrientations_iPad = "UIInterfaceOrientationPortrait UIInterfaceOrientationPortraitUpsideDown UIInterfaceOrientationLandscapeLeft UIInterfaceOrientationLandscapeRight";
				INFOPLIST_KEY_UISupportedInterfaceOrientations_iPhone = "UIInterfaceOrientationPortrait UIInterfaceOrientationLandscapeLeft UIInterfaceOrientationLandscapeRight";
				LD_RUNPATH_SEARCH_PATHS = (
					"$(inherited)",
					"@executable_path/Frameworks",
				);
				MARKETING_VERSION = 1.0;
				PRODUCT_BUNDLE_IDENTIFIER = "com.ian.ios-MC1-DDD-project";
				PRODUCT_NAME = "$(TARGET_NAME)";
				SWIFT_EMIT_LOC_STRINGS = YES;
				SWIFT_VERSION = 5.0;
				TARGETED_DEVICE_FAMILY = "1,2";
			};
			name = Debug;
		};
		0A3D648727FEB31D004C4F46 /* Release */ = {
			isa = XCBuildConfiguration;
			buildSettings = {
				ASSETCATALOG_COMPILER_APPICON_NAME = AppIcon;
				ASSETCATALOG_COMPILER_GLOBAL_ACCENT_COLOR_NAME = AccentColor;
				CODE_SIGN_STYLE = Automatic;
				CURRENT_PROJECT_VERSION = 1;
				DEVELOPMENT_ASSET_PATHS = "\"ios-MC1-DDD-project/Preview Content\"";
				ENABLE_PREVIEWS = YES;
				GENERATE_INFOPLIST_FILE = YES;
				INFOPLIST_KEY_UIApplicationSceneManifest_Generation = YES;
				INFOPLIST_KEY_UIApplicationSupportsIndirectInputEvents = YES;
				INFOPLIST_KEY_UILaunchScreen_Generation = YES;
				INFOPLIST_KEY_UISupportedInterfaceOrientations_iPad = "UIInterfaceOrientationPortrait UIInterfaceOrientationPortraitUpsideDown UIInterfaceOrientationLandscapeLeft UIInterfaceOrientationLandscapeRight";
				INFOPLIST_KEY_UISupportedInterfaceOrientations_iPhone = "UIInterfaceOrientationPortrait UIInterfaceOrientationLandscapeLeft UIInterfaceOrientationLandscapeRight";
				LD_RUNPATH_SEARCH_PATHS = (
					"$(inherited)",
					"@executable_path/Frameworks",
				);
				MARKETING_VERSION = 1.0;
				PRODUCT_BUNDLE_IDENTIFIER = "com.ian.ios-MC1-DDD-project";
				PRODUCT_NAME = "$(TARGET_NAME)";
				SWIFT_EMIT_LOC_STRINGS = YES;
				SWIFT_VERSION = 5.0;
				TARGETED_DEVICE_FAMILY = "1,2";
			};
			name = Release;
		};
/* End XCBuildConfiguration section */

/* Begin XCConfigurationList section */
		0A3D647227FEB31C004C4F46 /* Build configuration list for PBXProject "ios-MC1-DDD-project" */ = {
			isa = XCConfigurationList;
			buildConfigurations = (
				0A3D648327FEB31D004C4F46 /* Debug */,
				0A3D648427FEB31D004C4F46 /* Release */,
			);
			defaultConfigurationIsVisible = 0;
			defaultConfigurationName = Release;
		};
		0A3D648527FEB31D004C4F46 /* Build configuration list for PBXNativeTarget "ios-MC1-DDD-project" */ = {
			isa = XCConfigurationList;
			buildConfigurations = (
				0A3D648627FEB31D004C4F46 /* Debug */,
				0A3D648727FEB31D004C4F46 /* Release */,
			);
			defaultConfigurationIsVisible = 0;
			defaultConfigurationName = Release;
		};
/* End XCConfigurationList section */
	};
	rootObject = 0A3D646F27FEB31C004C4F46 /* Project object */;
}
